{
  "name": "bennyandpennyadventures",
  "version": "0.1.0",
  "lockfileVersion": 3,
  "requires": true,
  "packages": {
    "": {
      "name": "bennyandpennyadventures",
      "version": "0.1.0",
      "dependencies": {
        "@aws-sdk/client-s3": "^3.700.0",
        "@aws-sdk/s3-request-presigner": "^3.700.0",
        "@payloadcms/db-postgres": "^3.0.0",
        "@payloadcms/next": "^3.0.0",
        "@payloadcms/richtext-lexical": "^3.0.0",
        "cross-env": "^7.0.3",
        "lucide-react": "^0.468.0",
        "next": "15.4.11",
        "node-mailjet": "^6.0.8",
        "payload": "^3.0.0",
        "pg": "^8.13.1",
        "react": "19.1.0",
        "react-dom": "19.1.0",
        "sharp": "^0.33.5",
        "stripe": "^18.5.0"
      },
      "devDependencies": {
        "@types/node": "^20",
        "@types/pg": "^8.11.10",
        "@types/react": "^19",
        "@types/react-dom": "^19",
        "autoprefixer": "^10.4.20",
        "eslint": "^8",
        "eslint-config-next": "15.4.11",
        "postcss": "^8",
        "tailwindcss": "^3.4.13",
        "typescript": "^5"
      }
    },
    "node_modules/next": {
      "version": "15.4.11",
      "resolved": "https://registry.npmjs.org/next/-/next-15.4.11.tgz",
      "integrity": "sha512-IJRyXal45mIsshZI5XJne/intjusslUP1F+FHVBIyMGEqbYtIq1Irdx5vdWBBg58smviPDycmDeV6txsfkv1RQ==",
      "dependencies": {
        "@next/env": "15.4.11",
        "@swc/helpers": "0.5.15",
        "caniuse-lite": "^1.0.30001579",
        "postcss": "8.4.31",
        "styled-jsx": "5.1.6"
      },
      "bin": {
        "next": "dist/bin/next"
      },
      "engines": {
        "node": "^18.18.0 || ^19.8.0 || >= 20.0.0"
      },
      "optionalDependencies": {
        "@next/swc-darwin-arm64": "15.4.8",
        "@next/swc-darwin-x64": "15.4.8",
        "@next/swc-linux-arm64-gnu": "15.4.8",
        "@next/swc-linux-arm64-musl": "15.4.8",
        "@next/swc-linux-x64-gnu": "15.4.8",
        "@next/swc-linux-x64-musl": "15.4.8",
        "@next/swc-win32-arm64-msvc": "15.4.8",
        "@next/swc-win32-x64-msvc": "15.4.8",
        "sharp": "^0.34.3"
      },
      "peerDependencies": {
        "@opentelemetry/api": "^1.1.0",
        "@playwright/test": "^1.51.1",
        "babel-plugin-react-compiler": "*",
        "react": "^18.2.0 || 19.0.0-rc-de68d2f4-20241204 || ^19.0.0",
        "react-dom": "^18.2.0 || 19.0.0-rc-de68d2f4-20241204 || ^19.0.0",
        "sass": "^1.3.0"
      },
      "peerDependenciesMeta": {
        "@opentelemetry/api": { "optional": true },
        "@playwright/test": { "optional": true },
        "babel-plugin-react-compiler": { "optional": true },
        "sass": { "optional": true }
      }
    },
    "node_modules/@next/swc-darwin-arm64": {
      "version": "15.4.8",
      "resolved": "https://registry.npmjs.org/@next/swc-darwin-arm64/-/swc-darwin-arm64-15.4.8.tgz",
      "integrity": "sha512-Pf6zXp7yyQEn7sqMxur6+kYcywx5up1J849psyET7/8pG2gQTVMjU3NzgIt8SeEP5to3If/SaWmaA6H6ysBr1A==",
      "cpu": ["arm64"],
      "license": "MIT",
      "optional": true,
      "os": ["darwin"],
      "engines": { "node": ">= 10" }
    },
    "node_modules/@next/swc-darwin-x64": {
      "version": "15.4.8",
      "resolved": "https://registry.npmjs.org/@next/swc-darwin-x64/-/swc-darwin-x64-15.4.8.tgz",
      "integrity": "sha512-xla6AOfz68a6kq3gRQccWEvFC/VRGJmA/QuSLENSO7CZX5WIEkSz7r1FdXUjtGCQ1c2M+ndUAH7opdfLK1PQbw==",
      "cpu": ["x64"],
      "license": "MIT",
      "optional": true,
      "os": ["darwin"],
      "engines": { "node": ">= 10" }
    },
    "node_modules/@next/swc-linux-arm64-gnu": {
      "version": "15.4.8",
      "resolved": "https://registry.npmjs.org/@next/swc-linux-arm64-gnu/-/swc-linux-arm64-gnu-15.4.8.tgz",
      "integrity": "sha512-y3fmp+1Px/SJD+5ntve5QLZnGLycsxsVPkTzAc3zUiXYSOlTPqT8ynfmt6tt4fSo1tAhDPmryXpYKEAcoAPDJw==",
      "cpu": ["arm64"],
      "license": "MIT",
      "optional": true,
      "os": ["linux"],
      "engines": { "node": ">= 10" }
    },
    "node_modules/@next/swc-linux-arm64-musl": {
      "version": "15.4.8",
      "resolved": "https://registry.npmjs.org/@next/swc-linux-arm64-musl/-/swc-linux-arm64-musl-15.4.8.tgz",
      "integrity": "sha512-DX/L8VHzrr1CfwaVjBQr3GWCqNNFgyWJbeQ10Lx/phzbQo3JNAxUok1DZ8JHRGcL6PgMRgj6HylnLNndxn4Z6A==",
      "cpu": ["arm64"],
      "license": "MIT",
      "optional": true,
      "os": ["linux"],
      "engines": { "node": ">= 10" }
    },
    "node_modules/@next/swc-linux-x64-gnu": {
      "version": "15.4.8",
      "resolved": "https://registry.npmjs.org/@next/swc-linux-x64-gnu/-/swc-linux-x64-gnu-15.4.8.tgz",
      "integrity": "sha512-9fLAAXKAL3xEIFdKdzG5rUSvSiZTLLTCc6JKq1z04DR4zY7DbAPcRvNm3K1inVhTiQCs19ZRAgUerHiVKMZZIA==",
      "cpu": ["x64"],
      "license": "MIT",
      "optional": true,
      "os": ["linux"],
      "engines": { "node": ">= 10" }
    },
    "node_modules/@next/swc-linux-x64-musl": {
      "version": "15.4.8",
      "resolved": "https://registry.npmjs.org/@next/swc-linux-x64-musl/-/swc-linux-x64-musl-15.4.8.tgz",
      "integrity": "sha512-s45V7nfb5g7dbS7JK6XZDcapicVrMMvX2uYgOHP16QuKH/JA285oy6HcxlKqwUNaFY/UC6EvQ8QZUOo19cBKSA==",
      "cpu": ["x64"],
      "license": "MIT",
      "optional": true,
      "os": ["linux"],
      "engines": { "node": ">= 10" }
    },
    "node_modules/@next/swc-win32-arm64-msvc": {
      "version": "15.4.8",
      "resolved": "https://registry.npmjs.org/@next/swc-win32-arm64-msvc/-/swc-win32-arm64-msvc-15.4.8.tgz",
      "integrity": "sha512-KjgeQyOAq7t/HzAJcWPGA8X+4WY03uSCZ2Ekk98S9OgCFsb6lfBE3dbUzUuEQAN2THbwYgFfxX2yFTCMm8Kehw==",
      "cpu": ["arm64"],
      "license": "MIT",
      "optional": true,
      "os": ["win32"],
      "engines": { "node": ">= 10" }
    },
    "node_modules/@next/swc-win32-x64-msvc": {
      "version": "15.4.8",
      "resolved": "https://registry.npmjs.org/@next/swc-win32-x64-msvc/-/swc-win32-x64-msvc-15.4.8.tgz",
      "integrity": "sha512-Exsmf/+42fWVnLMaZHzshukTBxZrSwuuLKFvqhGHJ+mC1AokqieLY/XzAl3jc/CqhXLqLY3RRjkKJ9YnLPcRWg==",
      "cpu": ["x64"],
      "license": "MIT",
      "optional": true,
      "os": ["win32"],
      "engines": { "node": ">= 10" }
    }
  }
}
